
Microsoft Visual Studio Solution File, Format Version 12.00
# Visual Studio Version 17
VisualStudioVersion = 17.10.35013.160
MinimumVisualStudioVersion = 10.0.40219.1
Project("{9A19103F-16F7-4668-BE54-9A1E7A4F7556}") = "SeleniumWebDriverFirstSteps", "SeleniumWebDriverFirstSteps\SeleniumWebDriverFirstSteps.csproj", "{AE76A3CC-71CC-46D9-B04E-A8D6F341FA3D}"
EndProject
Project("{FAE04EC0-301F-11D3-BF4B-00C04F79EFBC}") = "NUnitTestingWiki", "NUnitTestingWiki\NUnitTestingWiki.csproj", "{5C5F14A2-079D-4257-AA09-C49B6DEABE62}"
EndProject
Global
	GlobalSection(SolutionConfigurationPlatforms) = preSolution
		Debug|Any CPU = Debug|Any CPU
		Release|Any CPU = Release|Any CPU
	EndGlobalSection
	GlobalSection(ProjectConfigurationPlatforms) = postSolution
		{AE76A3CC-71CC-46D9-B04E-A8D6F341FA3D}.Debug|Any CPU.ActiveCfg = Debug|Any CPU
		{AE76A3CC-71CC-46D9-B04E-A8D6F341FA3D}.Debug|Any CPU.Build.0 = Debug|Any CPU
		{AE76A3CC-71CC-46D9-B04E-A8D6F341FA3D}.Release|Any CPU.ActiveCfg = Release|Any CPU
		{AE76A3CC-71CC-46D9-B04E-A8D6F341FA3D}.Release|Any CPU.Build.0 = Release|Any CPU
		{5C5F14A2-079D-4257-AA09-C49B6DEABE62}.Debug|Any CPU.ActiveCfg = Debug|Any CPU
		{5C5F14A2-079D-4257-AA09-C49B6DEABE62}.Debug|Any CPU.Build.0 = Debug|Any CPU
		{5C5F14A2-079D-4257-AA09-C49B6DEABE62}.Release|Any CPU.ActiveCfg = Release|Any CPU
		{5C5F14A2-079D-4257-AA09-C49B6DEABE62}.Release|Any CPU.Build.0 = Release|Any CPU
	EndGlobalSection
	GlobalSection(SolutionProperties) = preSolution
		HideSolutionNode = FALSE
	EndGlobalSection
	GlobalSection(ExtensibilityGlobals) = postSolution
		SolutionGuid = {785FC7B8-878B-42E3-A845-12C365456D92}
	EndGlobalSection
EndGlobal
